
Microsoft Visual Studio Solution File, Format Version 12.00
# Visual Studio Version 17
VisualStudioVersion = 17.6.33829.357
MinimumVisualStudioVersion = 10.0.40219.1
Project("{9A19103F-16F7-4668-BE54-9A1E7A4F7556}") = "FitnessApp.Console", "FitnessApp.Console\FitnessApp.Console.csproj", "{5592458B-E552-4CBB-82BE-A264DF4B1869}"
EndProject
Project("{9A19103F-16F7-4668-BE54-9A1E7A4F7556}") = "FitnessApp.Data", "FitnessApp.Data\FitnessApp.Data.csproj", "{7CF39879-C742-413F-9E4B-BFF1C90472E5}"
EndProject
Project("{9A19103F-16F7-4668-BE54-9A1E7A4F7556}") = "FitnessApp.Domain", "FitnessApp.Domain\FitnessApp.Domain.csproj", "{1602B6D6-A103-4AE6-A125-22C149BA59C4}"
EndProject
Project("{9A19103F-16F7-4668-BE54-9A1E7A4F7556}") = "FitnessApp.Test", "FitnessApp.Test\FitnessApp.Test.csproj", "{9F1932F8-3FD9-46F6-B2C3-2D682B3847B2}"
EndProject
Global
	GlobalSection(SolutionConfigurationPlatforms) = preSolution
		Debug|Any CPU = Debug|Any CPU
		Release|Any CPU = Release|Any CPU
	EndGlobalSection
	GlobalSection(ProjectConfigurationPlatforms) = postSolution
		{5592458B-E552-4CBB-82BE-A264DF4B1869}.Debug|Any CPU.ActiveCfg = Debug|Any CPU
		{5592458B-E552-4CBB-82BE-A264DF4B1869}.Debug|Any CPU.Build.0 = Debug|Any CPU
		{5592458B-E552-4CBB-82BE-A264DF4B1869}.Release|Any CPU.ActiveCfg = Release|Any CPU
		{5592458B-E552-4CBB-82BE-A264DF4B1869}.Release|Any CPU.Build.0 = Release|Any CPU
		{7CF39879-C742-413F-9E4B-BFF1C90472E5}.Debug|Any CPU.ActiveCfg = Debug|Any CPU
		{7CF39879-C742-413F-9E4B-BFF1C90472E5}.Debug|Any CPU.Build.0 = Debug|Any CPU
		{7CF39879-C742-413F-9E4B-BFF1C90472E5}.Release|Any CPU.ActiveCfg = Release|Any CPU
		{7CF39879-C742-413F-9E4B-BFF1C90472E5}.Release|Any CPU.Build.0 = Release|Any CPU
		{1602B6D6-A103-4AE6-A125-22C149BA59C4}.Debug|Any CPU.ActiveCfg = Debug|Any CPU
		{1602B6D6-A103-4AE6-A125-22C149BA59C4}.Debug|Any CPU.Build.0 = Debug|Any CPU
		{1602B6D6-A103-4AE6-A125-22C149BA59C4}.Release|Any CPU.ActiveCfg = Release|Any CPU
		{1602B6D6-A103-4AE6-A125-22C149BA59C4}.Release|Any CPU.Build.0 = Release|Any CPU
		{9F1932F8-3FD9-46F6-B2C3-2D682B3847B2}.Debug|Any CPU.ActiveCfg = Debug|Any CPU
		{9F1932F8-3FD9-46F6-B2C3-2D682B3847B2}.Debug|Any CPU.Build.0 = Debug|Any CPU
		{9F1932F8-3FD9-46F6-B2C3-2D682B3847B2}.Release|Any CPU.ActiveCfg = Release|Any CPU
		{9F1932F8-3FD9-46F6-B2C3-2D682B3847B2}.Release|Any CPU.Build.0 = Release|Any CPU
	EndGlobalSection
	GlobalSection(SolutionProperties) = preSolution
		HideSolutionNode = FALSE
	EndGlobalSection
	GlobalSection(ExtensibilityGlobals) = postSolution
		SolutionGuid = {384F874A-BB9B-4AB2-901D-304125A82CDD}
	EndGlobalSection
EndGlobal
