
Microsoft Visual Studio Solution File, Format Version 12.00
# Visual Studio Version 17
VisualStudioVersion = 17.3.32811.315
MinimumVisualStudioVersion = 10.0.40219.1
Project("{FAE04EC0-301F-11D3-BF4B-00C04F79EFBC}") = "FitnessApp.Console", "FitnessApp.Console.csproj", "{548BCE5B-6CEA-4A1E-9383-75A1F7E76CB1}"
EndProject
Project("{FAE04EC0-301F-11D3-BF4B-00C04F79EFBC}") = "FitnessApp.Domain", "..\FitnessApp.Domain\FitnessApp.Domain.csproj", "{599ED88F-D162-4845-851B-401CDA7BBD6F}"
EndProject
Project("{FAE04EC0-301F-11D3-BF4B-00C04F79EFBC}") = "FitnessApp.Data", "..\FitnessApp.Data\FitnessApp.Data.csproj", "{44D0D844-4EF1-4FB6-9EEA-F6568B070297}"
EndProject
Global
	GlobalSection(SolutionConfigurationPlatforms) = preSolution
		Debug|Any CPU = Debug|Any CPU
		Release|Any CPU = Release|Any CPU
	EndGlobalSection
	GlobalSection(ProjectConfigurationPlatforms) = postSolution
		{548BCE5B-6CEA-4A1E-9383-75A1F7E76CB1}.Debug|Any CPU.ActiveCfg = Debug|Any CPU
		{548BCE5B-6CEA-4A1E-9383-75A1F7E76CB1}.Debug|Any CPU.Build.0 = Debug|Any CPU
		{548BCE5B-6CEA-4A1E-9383-75A1F7E76CB1}.Release|Any CPU.ActiveCfg = Release|Any CPU
		{548BCE5B-6CEA-4A1E-9383-75A1F7E76CB1}.Release|Any CPU.Build.0 = Release|Any CPU
		{599ED88F-D162-4845-851B-401CDA7BBD6F}.Debug|Any CPU.ActiveCfg = Debug|Any CPU
		{599ED88F-D162-4845-851B-401CDA7BBD6F}.Debug|Any CPU.Build.0 = Debug|Any CPU
		{599ED88F-D162-4845-851B-401CDA7BBD6F}.Release|Any CPU.ActiveCfg = Release|Any CPU
		{599ED88F-D162-4845-851B-401CDA7BBD6F}.Release|Any CPU.Build.0 = Release|Any CPU
		{44D0D844-4EF1-4FB6-9EEA-F6568B070297}.Debug|Any CPU.ActiveCfg = Debug|Any CPU
		{44D0D844-4EF1-4FB6-9EEA-F6568B070297}.Debug|Any CPU.Build.0 = Debug|Any CPU
		{44D0D844-4EF1-4FB6-9EEA-F6568B070297}.Release|Any CPU.ActiveCfg = Release|Any CPU
		{44D0D844-4EF1-4FB6-9EEA-F6568B070297}.Release|Any CPU.Build.0 = Release|Any CPU
	EndGlobalSection
	GlobalSection(SolutionProperties) = preSolution
		HideSolutionNode = FALSE
	EndGlobalSection
	GlobalSection(ExtensibilityGlobals) = postSolution
		SolutionGuid = {F3BAB8CF-7326-4FF2-B2C0-703A1CB6D873}
	EndGlobalSection
EndGlobal
