
Microsoft Visual Studio Solution File, Format Version 12.00
# Visual Studio Version 17
VisualStudioVersion = 17.6.33829.357
MinimumVisualStudioVersion = 10.0.40219.1
Project("{9A19103F-16F7-4668-BE54-9A1E7A4F7556}") = "FitnessApp.Data", "..\FitnessApp.Data\FitnessApp.Data.csproj", "{8C9BEAF7-EF18-4820-B61F-69E8B654F158}"
EndProject
Project("{9A19103F-16F7-4668-BE54-9A1E7A4F7556}") = "FitnessApp.Domain", "..\FitnessApp.Domain\FitnessApp.Domain.csproj", "{2C5E324B-E606-427C-86BD-91240068C41B}"
EndProject
Project("{9A19103F-16F7-4668-BE54-9A1E7A4F7556}") = "FitnessApp.UI", "FitnessApp.UI.csproj", "{4C64B928-BF70-465B-826C-48678A13D861}"
EndProject
Global
	GlobalSection(SolutionConfigurationPlatforms) = preSolution
		Debug|Any CPU = Debug|Any CPU
		Release|Any CPU = Release|Any CPU
	EndGlobalSection
	GlobalSection(ProjectConfigurationPlatforms) = postSolution
		{8C9BEAF7-EF18-4820-B61F-69E8B654F158}.Debug|Any CPU.ActiveCfg = Debug|Any CPU
		{8C9BEAF7-EF18-4820-B61F-69E8B654F158}.Debug|Any CPU.Build.0 = Debug|Any CPU
		{8C9BEAF7-EF18-4820-B61F-69E8B654F158}.Release|Any CPU.ActiveCfg = Release|Any CPU
		{8C9BEAF7-EF18-4820-B61F-69E8B654F158}.Release|Any CPU.Build.0 = Release|Any CPU
		{2C5E324B-E606-427C-86BD-91240068C41B}.Debug|Any CPU.ActiveCfg = Debug|Any CPU
		{2C5E324B-E606-427C-86BD-91240068C41B}.Debug|Any CPU.Build.0 = Debug|Any CPU
		{2C5E324B-E606-427C-86BD-91240068C41B}.Release|Any CPU.ActiveCfg = Release|Any CPU
		{2C5E324B-E606-427C-86BD-91240068C41B}.Release|Any CPU.Build.0 = Release|Any CPU
		{4C64B928-BF70-465B-826C-48678A13D861}.Debug|Any CPU.ActiveCfg = Debug|Any CPU
		{4C64B928-BF70-465B-826C-48678A13D861}.Debug|Any CPU.Build.0 = Debug|Any CPU
		{4C64B928-BF70-465B-826C-48678A13D861}.Release|Any CPU.ActiveCfg = Release|Any CPU
		{4C64B928-BF70-465B-826C-48678A13D861}.Release|Any CPU.Build.0 = Release|Any CPU
	EndGlobalSection
	GlobalSection(SolutionProperties) = preSolution
		HideSolutionNode = FALSE
	EndGlobalSection
	GlobalSection(ExtensibilityGlobals) = postSolution
		SolutionGuid = {384F874A-BB9B-4AB2-901D-304125A82CDD}
	EndGlobalSection
EndGlobal
